schema: '2.0'
stages:
  data_prepare:
    cmd: python3 prepare_dataset.py
    deps:
    - path: data/iris.csv
      md5: 57fce90c81521889c736445f058c4838
      size: 3716
    - path: prepare_dataset.py
      md5: f54eac716120c2e73e1d3855e31d4285
      size: 400
    outs:
    - path: data/dataset/iris_test.csv
      md5: e9583b1fd4c19c4ae95b3672f8426818
      size: 1013
    - path: data/dataset/iris_train.csv
      md5: 7530b54678cff7c19ab9a73dcff4ad25
      size: 2295
  k-means_train:
    cmd: python3 k-means/k-means.py
    deps:
    - path: data/dataset/iris_test.csv
      md5: e9583b1fd4c19c4ae95b3672f8426818
      size: 1013
    - path: data/dataset/iris_train.csv
      md5: 7530b54678cff7c19ab9a73dcff4ad25
      size: 2295
    - path: k-means/k-means.py
      md5: 9c953788aa2356b3ba82cff5bf66334a
      size: 525
    outs:
    - path: k-means/predict.txt
      md5: e69db467ce9e60169e2f9ad47388650f
      size: 135
  evaluate:
    cmd: python3 evaluate.py
    deps:
    - path: dtree/predict.txt
      md5: c4ea15b34273ef0bcee7296221c15840
      size: 135
    - path: k-means/predict.txt
      md5: e69db467ce9e60169e2f9ad47388650f
      size: 135
    outs:
    - path: metrics.txt
      md5: 253c7ce4a72f7ab2ac094e37c61b7dc1
      size: 60
  dtree_train:
    cmd: python3 dtree/decision-tree.py
    deps:
    - path: data/dataset/iris_test.csv
      md5: e9583b1fd4c19c4ae95b3672f8426818
      size: 1013
    - path: data/dataset/iris_train.csv
      md5: 7530b54678cff7c19ab9a73dcff4ad25
      size: 2295
    - path: dtree/decision-tree.py
      md5: d0fc7a49df3f5df606ec157188da6a3d
      size: 503
    outs:
    - path: dtree/predict.txt
      md5: c4ea15b34273ef0bcee7296221c15840
      size: 135
